
Microsoft Visual Studio Solution File, Format Version 12.00
# Visual Studio Version 17
VisualStudioVersion = 17.8.34004.107
MinimumVisualStudioVersion = 10.0.40219.1
Project("{FAE04EC0-301F-11D3-BF4B-00C04F79EFBC}") = "EasyPhysics", "EasyPhysics\EasyPhysics.csproj", "{6E41FBCE-14E0-479A-8F67-2E860556307D}"
EndProject
Global
	GlobalSection(SolutionConfigurationPlatforms) = preSolution
		Debug|Any CPU = Debug|Any CPU
		Release|Any CPU = Release|Any CPU
	EndGlobalSection
	GlobalSection(ProjectConfigurationPlatforms) = postSolution
		{6E41FBCE-14E0-479A-8F67-2E860556307D}.Debug|Any CPU.ActiveCfg = Debug|Any CPU
		{6E41FBCE-14E0-479A-8F67-2E860556307D}.Debug|Any CPU.Build.0 = Debug|Any CPU
		{6E41FBCE-14E0-479A-8F67-2E860556307D}.Release|Any CPU.ActiveCfg = Release|Any CPU
		{6E41FBCE-14E0-479A-8F67-2E860556307D}.Release|Any CPU.Build.0 = Release|Any CPU
	EndGlobalSection
	GlobalSection(SolutionProperties) = preSolution
		HideSolutionNode = FALSE
	EndGlobalSection
	GlobalSection(ExtensibilityGlobals) = postSolution
		SolutionGuid = {83D8BA98-5F17-4A56-8458-7B8B54468882}
	EndGlobalSection
EndGlobal
